
Microsoft Visual Studio Solution File, Format Version 12.00
# Visual Studio Version 17
VisualStudioVersion = 17.1.32421.90
MinimumVisualStudioVersion = 10.0.40219.1
Project("{FAE04EC0-301F-11D3-BF4B-00C04F79EFBC}") = "ЛР3_ИДЗ_LIB", "ЛР3_ИДЗ_LIB\ЛР3_ИДЗ_LIB.csproj", "{121D1404-ABE7-4F9B-95B6-7710DB2FD455}"
EndProject
Global
	GlobalSection(SolutionConfigurationPlatforms) = preSolution
		Debug|Any CPU = Debug|Any CPU
		Release|Any CPU = Release|Any CPU
	EndGlobalSection
	GlobalSection(ProjectConfigurationPlatforms) = postSolution
		{121D1404-ABE7-4F9B-95B6-7710DB2FD455}.Debug|Any CPU.ActiveCfg = Debug|Any CPU
		{121D1404-ABE7-4F9B-95B6-7710DB2FD455}.Debug|Any CPU.Build.0 = Debug|Any CPU
		{121D1404-ABE7-4F9B-95B6-7710DB2FD455}.Release|Any CPU.ActiveCfg = Release|Any CPU
		{121D1404-ABE7-4F9B-95B6-7710DB2FD455}.Release|Any CPU.Build.0 = Release|Any CPU
	EndGlobalSection
	GlobalSection(SolutionProperties) = preSolution
		HideSolutionNode = FALSE
	EndGlobalSection
	GlobalSection(ExtensibilityGlobals) = postSolution
		SolutionGuid = {5C9ACB36-0CE0-467A-9A1D-9492825E0E38}
	EndGlobalSection
EndGlobal
